// !$*UTF8*$!
{
	archiveVersion = 1;
	classes = {
	};
	objectVersion = 51;
	objects = {

/* Begin PBXBuildFile section */
		17A0B94B2493D232007C9345 /* WeatherModel.swift in Sources */ = {isa = PBXBuildFile; fileRef = 17A0B94A2493D232007C9345 /* WeatherModel.swift */; };
		17B4C62F2493C7E400800C9C /* AppDelegate.swift in Sources */ = {isa = PBXBuildFile; fileRef = 17B4C62E2493C7E400800C9C /* AppDelegate.swift */; };
		17B4C6312493C7E400800C9C /* SceneDelegate.swift in Sources */ = {isa = PBXBuildFile; fileRef = 17B4C6302493C7E400800C9C /* SceneDelegate.swift */; };
		17B4C6332493C7E400800C9C /* ViewController.swift in Sources */ = {isa = PBXBuildFile; fileRef = 17B4C6322493C7E400800C9C /* ViewController.swift */; };
		17B4C6362493C7E400800C9C /* Main.storyboard in Resources */ = {isa = PBXBuildFile; fileRef = 17B4C6342493C7E400800C9C /* Main.storyboard */; };
		17B4C6382493C7E600800C9C /* Assets.xcassets in Resources */ = {isa = PBXBuildFile; fileRef = 17B4C6372493C7E600800C9C /* Assets.xcassets */; };
		17B4C63B2493C7E600800C9C /* LaunchScreen.storyboard in Resources */ = {isa = PBXBuildFile; fileRef = 17B4C6392493C7E600800C9C /* LaunchScreen.storyboard */; };
		EC9F5C7D8EDA8DB307C178CC /* Pods_Clima.framework in Frameworks */ = {isa = PBXBuildFile; fileRef = 1A6F26B276ADBC28D21829C0 /* Pods_Clima.framework */; };
/* End PBXBuildFile section */

/* Begin PBXFileReference section */
		17A0B94A2493D232007C9345 /* WeatherModel.swift */ = {isa = PBXFileReference; lastKnownFileType = sourcecode.swift; path = WeatherModel.swift; sourceTree = "<group>"; };
		17B4C62B2493C7E400800C9C /* Clima.app */ = {isa = PBXFileReference; explicitFileType = wrapper.application; includeInIndex = 0; path = Clima.app; sourceTree = BUILT_PRODUCTS_DIR; };
		17B4C62E2493C7E400800C9C /* AppDelegate.swift */ = {isa = PBXFileReference; lastKnownFileType = sourcecode.swift; path = AppDelegate.swift; sourceTree = "<group>"; };
		17B4C6302493C7E400800C9C /* SceneDelegate.swift */ = {isa = PBXFileReference; lastKnownFileType = sourcecode.swift; path = SceneDelegate.swift; sourceTree = "<group>"; };
		17B4C6322493C7E400800C9C /* ViewController.swift */ = {isa = PBXFileReference; lastKnownFileType = sourcecode.swift; path = ViewController.swift; sourceTree = "<group>"; };
		17B4C6352493C7E400800C9C /* Base */ = {isa = PBXFileReference; lastKnownFileType = file.storyboard; name = Base; path = Base.lproj/Main.storyboard; sourceTree = "<group>"; };
		17B4C6372493C7E600800C9C /* Assets.xcassets */ = {isa = PBXFileReference; lastKnownFileType = folder.assetcatalog; path = Assets.xcassets; sourceTree = "<group>"; };
		17B4C63A2493C7E600800C9C /* Base */ = {isa = PBXFileReference; lastKnownFileType = file.storyboard; name = Base; path = Base.lproj/LaunchScreen.storyboard; sourceTree = "<group>"; };
		17B4C63C2493C7E600800C9C /* Info.plist */ = {isa = PBXFileReference; lastKnownFileType = text.plist.xml; path = Info.plist; sourceTree = "<group>"; };
		1A6F26B276ADBC28D21829C0 /* Pods_Clima.framework */ = {isa = PBXFileReference; explicitFileType = wrapper.framework; includeInIndex = 0; path = Pods_Clima.framework; sourceTree = BUILT_PRODUCTS_DIR; };
		BBF235100765B8319DE59B3E /* Pods-Clima.release.xcconfig */ = {isa = PBXFileReference; includeInIndex = 1; lastKnownFileType = text.xcconfig; name = "Pods-Clima.release.xcconfig"; path = "Target Support Files/Pods-Clima/Pods-Clima.release.xcconfig"; sourceTree = "<group>"; };
		F124A48CB7F5AB09E10C8CBD /* Pods-Clima.debug.xcconfig */ = {isa = PBXFileReference; includeInIndex = 1; lastKnownFileType = text.xcconfig; name = "Pods-Clima.debug.xcconfig"; path = "Target Support Files/Pods-Clima/Pods-Clima.debug.xcconfig"; sourceTree = "<group>"; };
/* End PBXFileReference section */

/* Begin PBXFrameworksBuildPhase section */
		17B4C6282493C7E400800C9C /* Frameworks */ = {
			isa = PBXFrameworksBuildPhase;
			buildActionMask = 2147483647;
			files = (
				EC9F5C7D8EDA8DB307C178CC /* Pods_Clima.framework in Frameworks */,
			);
			runOnlyForDeploymentPostprocessing = 0;
		};
/* End PBXFrameworksBuildPhase section */

/* Begin PBXGroup section */
		17B4C6222493C7E400800C9C = {
			isa = PBXGroup;
			children = (
				17B4C62D2493C7E400800C9C /* Clima */,
				17B4C62C2493C7E400800C9C /* Products */,
				3472143AD3D30634D63D429B /* Pods */,
				4446BB26B4466CD39672F6D7 /* Frameworks */,
			);
			sourceTree = "<group>";
		};
		17B4C62C2493C7E400800C9C /* Products */ = {
			isa = PBXGroup;
			children = (
				17B4C62B2493C7E400800C9C /* Clima.app */,
			);
			name = Products;
			sourceTree = "<group>";
		};
		17B4C62D2493C7E400800C9C /* Clima */ = {
			isa = PBXGroup;
			children = (
				17C360EB2493EB07002752C0 /* View */,
				17C360EA2493EAC6002752C0 /* Controller */,
				17C360E92493EAB9002752C0 /* Model */,
				17B4C6372493C7E600800C9C /* Assets.xcassets */,
				17B4C63C2493C7E600800C9C /* Info.plist */,
			);
			path = Clima;
			sourceTree = "<group>";
		};
		17C360E92493EAB9002752C0 /* Model */ = {
			isa = PBXGroup;
			children = (
				17A0B94A2493D232007C9345 /* WeatherModel.swift */,
			);
			path = Model;
			sourceTree = "<group>";
		};
		17C360EA2493EAC6002752C0 /* Controller */ = {
			isa = PBXGroup;
			children = (
				17B4C62E2493C7E400800C9C /* AppDelegate.swift */,
				17B4C6302493C7E400800C9C /* SceneDelegate.swift */,
				17B4C6322493C7E400800C9C /* ViewController.swift */,
			);
			path = Controller;
			sourceTree = "<group>";
		};
		17C360EB2493EB07002752C0 /* View */ = {
			isa = PBXGroup;
			children = (
				17B4C6342493C7E400800C9C /* Main.storyboard */,
				17B4C6392493C7E600800C9C /* LaunchScreen.storyboard */,
			);
			path = View;
			sourceTree = "<group>";
		};
		3472143AD3D30634D63D429B /* Pods */ = {
			isa = PBXGroup;
			children = (
				F124A48CB7F5AB09E10C8CBD /* Pods-Clima.debug.xcconfig */,
				BBF235100765B8319DE59B3E /* Pods-Clima.release.xcconfig */,
			);
			path = Pods;
			sourceTree = "<group>";
		};
		4446BB26B4466CD39672F6D7 /* Frameworks */ = {
			isa = PBXGroup;
			children = (
				1A6F26B276ADBC28D21829C0 /* Pods_Clima.framework */,
			);
			name = Frameworks;
			sourceTree = "<group>";
		};
/* End PBXGroup section */

/* Begin PBXNativeTarget section */
		17B4C62A2493C7E400800C9C /* Clima */ = {
			isa = PBXNativeTarget;
			buildConfigurationList = 17B4C63F2493C7E600800C9C /* Build configuration list for PBXNativeTarget "Clima" */;
			buildPhases = (
				22F19134CE996BA30255C169 /* [CP] Check Pods Manifest.lock */,
				17B4C6272493C7E400800C9C /* Sources */,
				17B4C6282493C7E400800C9C /* Frameworks */,
				17B4C6292493C7E400800C9C /* Resources */,
				7F5C60243849E8967BDAC63E /* [CP] Embed Pods Frameworks */,
			);
			buildRules = (
			);
			dependencies = (
			);
			name = Clima;
			productName = Clima;
			productReference = 17B4C62B2493C7E400800C9C /* Clima.app */;
			productType = "com.apple.product-type.application";
		};
/* End PBXNativeTarget section */

/* Begin PBXProject section */
		17B4C6232493C7E400800C9C /* Project object */ = {
			isa = PBXProject;
			attributes = {
				LastSwiftUpdateCheck = 1140;
				LastUpgradeCheck = 1140;
				ORGANIZATIONNAME = sahiltagunde;
				TargetAttributes = {
					17B4C62A2493C7E400800C9C = {
						CreatedOnToolsVersion = 11.4.1;
					};
				};
			};
			buildConfigurationList = 17B4C6262493C7E400800C9C /* Build configuration list for PBXProject "Clima" */;
			compatibilityVersion = "Xcode 9.3";
			developmentRegion = en;
			hasScannedForEncodings = 0;
			knownRegions = (
				en,
				Base,
			);
			mainGroup = 17B4C6222493C7E400800C9C;
			productRefGroup = 17B4C62C2493C7E400800C9C /* Products */;
			projectDirPath = "";
			projectRoot = "";
			targets = (
				17B4C62A2493C7E400800C9C /* Clima */,
			);
		};
/* End PBXProject section */

/* Begin PBXResourcesBuildPhase section */
		17B4C6292493C7E400800C9C /* Resources */ = {
			isa = PBXResourcesBuildPhase;
			buildActionMask = 2147483647;
			files = (
				17B4C63B2493C7E600800C9C /* LaunchScreen.storyboard in Resources */,
				17B4C6382493C7E600800C9C /* Assets.xcassets in Resources */,
				17B4C6362493C7E400800C9C /* Main.storyboard in Resources */,
			);
			runOnlyForDeploymentPostprocessing = 0;
		};
/* End PBXResourcesBuildPhase section */

/* Begin PBXShellScriptBuildPhase section */
		22F19134CE996BA30255C169 /* [CP] Check Pods Manifest.lock */ = {
			isa = PBXShellScriptBuildPhase;
			buildActionMask = 2147483647;
			files = (
			);
			inputFileListPaths = (
			);
			inputPaths = (
				"${PODS_PODFILE_DIR_PATH}/Podfile.lock",
				"${PODS_ROOT}/Manifest.lock",
			);
			name = "[CP] Check Pods Manifest.lock";
			outputFileListPaths = (
			);
			outputPaths = (
				"$(DERIVED_FILE_DIR)/Pods-Clima-checkManifestLockResult.txt",
			);
			runOnlyForDeploymentPostprocessing = 0;
			shellPath = /bin/sh;
			shellScript = "diff \"${PODS_PODFILE_DIR_PATH}/Podfile.lock\" \"${PODS_ROOT}/Manifest.lock\" > /dev/null\nif [ $? != 0 ] ; then\n    # print error to STDERR\n    echo \"error: The sandbox is not in sync with the Podfile.lock. Run 'pod install' or update your CocoaPods installation.\" >&2\n    exit 1\nfi\n# This output is used by Xcode 'outputs' to avoid re-running this script phase.\necho \"SUCCESS\" > \"${SCRIPT_OUTPUT_FILE_0}\"\n";
			showEnvVarsInLog = 0;
		};
		7F5C60243849E8967BDAC63E /* [CP] Embed Pods Frameworks */ = {
			isa = PBXShellScriptBuildPhase;
			buildActionMask = 2147483647;
			files = (
			);
			inputFileListPaths = (
				"${PODS_ROOT}/Target Support Files/Pods-Clima/Pods-Clima-frameworks-${CONFIGURATION}-input-files.xcfilelist",
			);
			name = "[CP] Embed Pods Frameworks";
			outputFileListPaths = (
				"${PODS_ROOT}/Target Support Files/Pods-Clima/Pods-Clima-frameworks-${CONFIGURATION}-output-files.xcfilelist",
			);
			runOnlyForDeploymentPostprocessing = 0;
			shellPath = /bin/sh;
			shellScript = "\"${PODS_ROOT}/Target Support Files/Pods-Clima/Pods-Clima-frameworks.sh\"\n";
			showEnvVarsInLog = 0;
		};
/* End PBXShellScriptBuildPhase section */

/* Begin PBXSourcesBuildPhase section */
		17B4C6272493C7E400800C9C /* Sources */ = {
			isa = PBXSourcesBuildPhase;
			buildActionMask = 2147483647;
			files = (
				17B4C6332493C7E400800C9C /* ViewController.swift in Sources */,
				17B4C62F2493C7E400800C9C /* AppDelegate.swift in Sources */,
				17A0B94B2493D232007C9345 /* WeatherModel.swift in Sources */,
				17B4C6312493C7E400800C9C /* SceneDelegate.swift in Sources */,
			);
			runOnlyForDeploymentPostprocessing = 0;
		};
/* End PBXSourcesBuildPhase section */

/* Begin PBXVariantGroup section */
		17B4C6342493C7E400800C9C /* Main.storyboard */ = {
			isa = PBXVariantGroup;
			children = (
				17B4C6352493C7E400800C9C /* Base */,
			);
			name = Main.storyboard;
			sourceTree = "<group>";
		};
		17B4C6392493C7E600800C9C /* LaunchScreen.storyboard */ = {
			isa = PBXVariantGroup;
			children = (
				17B4C63A2493C7E600800C9C /* Base */,
			);
			name = LaunchScreen.storyboard;
			sourceTree = "<group>";
		};
/* End PBXVariantGroup section */

/* Begin XCBuildConfiguration section */
		17B4C63D2493C7E600800C9C /* Debug */ = {
			isa = XCBuildConfiguration;
			buildSettings = {
				ALWAYS_SEARCH_USER_PATHS = NO;
				CLANG_ANALYZER_NONNULL = YES;
				CLANG_ANALYZER_NUMBER_OBJECT_CONVERSION = YES_AGGRESSIVE;
				CLANG_CXX_LANGUAGE_STANDARD = "gnu++14";
				CLANG_CXX_LIBRARY = "libc++";
				CLANG_ENABLE_MODULES = YES;
				CLANG_ENABLE_OBJC_ARC = YES;
				CLANG_ENABLE_OBJC_WEAK = YES;
				CLANG_WARN_BLOCK_CAPTURE_AUTORELEASING = YES;
				CLANG_WARN_BOOL_CONVERSION = YES;
				CLANG_WARN_COMMA = YES;
				CLANG_WARN_CONSTANT_CONVERSION = YES;
				CLANG_WARN_DEPRECATED_OBJC_IMPLEMENTATIONS = YES;
				CLANG_WARN_DIRECT_OBJC_ISA_USAGE = YES_ERROR;
				CLANG_WARN_DOCUMENTATION_COMMENTS = YES;
				CLANG_WARN_EMPTY_BODY = YES;
				CLANG_WARN_ENUM_CONVERSION = YES;
				CLANG_WARN_INFINITE_RECURSION = YES;
				CLANG_WARN_INT_CONVERSION = YES;
				CLANG_WARN_NON_LITERAL_NULL_CONVERSION = YES;
				CLANG_WARN_OBJC_IMPLICIT_RETAIN_SELF = YES;
				CLANG_WARN_OBJC_LITERAL_CONVERSION = YES;
				CLANG_WARN_OBJC_ROOT_CLASS = YES_ERROR;
				CLANG_WARN_RANGE_LOOP_ANALYSIS = YES;
				CLANG_WARN_STRICT_PROTOTYPES = YES;
				CLANG_WARN_SUSPICIOUS_MOVE = YES;
				CLANG_WARN_UNGUARDED_AVAILABILITY = YES_AGGRESSIVE;
				CLANG_WARN_UNREACHABLE_CODE = YES;
				CLANG_WARN__DUPLICATE_METHOD_MATCH = YES;
				COPY_PHASE_STRIP = NO;
				DEBUG_INFORMATION_FORMAT = dwarf;
				ENABLE_STRICT_OBJC_MSGSEND = YES;
				ENABLE_TESTABILITY = YES;
				GCC_C_LANGUAGE_STANDARD = gnu11;
				GCC_DYNAMIC_NO_PIC = NO;
				GCC_NO_COMMON_BLOCKS = YES;
				GCC_OPTIMIZATION_LEVEL = 0;
				GCC_PREPROCESSOR_DEFINITIONS = (
					"DEBUG=1",
					"$(inherited)",
				);
				GCC_WARN_64_TO_32_BIT_CONVERSION = YES;
				GCC_WARN_ABOUT_RETURN_TYPE = YES_ERROR;
				GCC_WARN_UNDECLARED_SELECTOR = YES;
				GCC_WARN_UNINITIALIZED_AUTOS = YES_AGGRESSIVE;
				GCC_WARN_UNUSED_FUNCTION = YES;
				GCC_WARN_UNUSED_VARIABLE = YES;
				IPHONEOS_DEPLOYMENT_TARGET = 13.4;
				MTL_ENABLE_DEBUG_INFO = INCLUDE_SOURCE;
				MTL_FAST_MATH = YES;
				ONLY_ACTIVE_ARCH = YES;
				SDKROOT = iphoneos;
				SWIFT_ACTIVE_COMPILATION_CONDITIONS = DEBUG;
				SWIFT_OPTIMIZATION_LEVEL = "-Onone";
			};
			name = Debug;
		};
		17B4C63E2493C7E600800C9C /* Release */ = {
			isa = XCBuildConfiguration;
			buildSettings = {
				ALWAYS_SEARCH_USER_PATHS = NO;
				CLANG_ANALYZER_NONNULL = YES;
				CLANG_ANALYZER_NUMBER_OBJECT_CONVERSION = YES_AGGRESSIVE;
				CLANG_CXX_LANGUAGE_STANDARD = "gnu++14";
				CLANG_CXX_LIBRARY = "libc++";
				CLANG_ENABLE_MODULES = YES;
				CLANG_ENABLE_OBJC_ARC = YES;
				CLANG_ENABLE_OBJC_WEAK = YES;
				CLANG_WARN_BLOCK_CAPTURE_AUTORELEASING = YES;
				CLANG_WARN_BOOL_CONVERSION = YES;
				CLANG_WARN_COMMA = YES;
				CLANG_WARN_CONSTANT_CONVERSION = YES;
				CLANG_WARN_DEPRECATED_OBJC_IMPLEMENTATIONS = YES;
				CLANG_WARN_DIRECT_OBJC_ISA_USAGE = YES_ERROR;
				CLANG_WARN_DOCUMENTATION_COMMENTS = YES;
				CLANG_WARN_EMPTY_BODY = YES;
				CLANG_WARN_ENUM_CONVERSION = YES;
				CLANG_WARN_INFINITE_RECURSION = YES;
				CLANG_WARN_INT_CONVERSION = YES;
				CLANG_WARN_NON_LITERAL_NULL_CONVERSION = YES;
				CLANG_WARN_OBJC_IMPLICIT_RETAIN_SELF = YES;
				CLANG_WARN_OBJC_LITERAL_CONVERSION = YES;
				CLANG_WARN_OBJC_ROOT_CLASS = YES_ERROR;
				CLANG_WARN_RANGE_LOOP_ANALYSIS = YES;
				CLANG_WARN_STRICT_PROTOTYPES = YES;
				CLANG_WARN_SUSPICIOUS_MOVE = YES;
				CLANG_WARN_UNGUARDED_AVAILABILITY = YES_AGGRESSIVE;
				CLANG_WARN_UNREACHABLE_CODE = YES;
				CLANG_WARN__DUPLICATE_METHOD_MATCH = YES;
				COPY_PHASE_STRIP = NO;
				DEBUG_INFORMATION_FORMAT = "dwarf-with-dsym";
				ENABLE_NS_ASSERTIONS = NO;
				ENABLE_STRICT_OBJC_MSGSEND = YES;
				GCC_C_LANGUAGE_STANDARD = gnu11;
				GCC_NO_COMMON_BLOCKS = YES;
				GCC_WARN_64_TO_32_BIT_CONVERSION = YES;
				GCC_WARN_ABOUT_RETURN_TYPE = YES_ERROR;
				GCC_WARN_UNDECLARED_SELECTOR = YES;
				GCC_WARN_UNINITIALIZED_AUTOS = YES_AGGRESSIVE;
				GCC_WARN_UNUSED_FUNCTION = YES;
				GCC_WARN_UNUSED_VARIABLE = YES;
				IPHONEOS_DEPLOYMENT_TARGET = 13.4;
				MTL_ENABLE_DEBUG_INFO = NO;
				MTL_FAST_MATH = YES;
				SDKROOT = iphoneos;
				SWIFT_COMPILATION_MODE = wholemodule;
				SWIFT_OPTIMIZATION_LEVEL = "-O";
				VALIDATE_PRODUCT = YES;
			};
			name = Release;
		};
		17B4C6402493C7E600800C9C /* Debug */ = {
			isa = XCBuildConfiguration;
			baseConfigurationReference = F124A48CB7F5AB09E10C8CBD /* Pods-Clima.debug.xcconfig */;
			buildSettings = {
				ASSETCATALOG_COMPILER_APPICON_NAME = AppIcon;
				CODE_SIGN_STYLE = Automatic;
				DEVELOPMENT_TEAM = 4KAGKN9362;
				INFOPLIST_FILE = Clima/Info.plist;
				LD_RUNPATH_SEARCH_PATHS = (
					"$(inherited)",
					"@executable_path/Frameworks",
				);
				PRODUCT_BUNDLE_IDENTIFIER = com.tagundesahil.Clima;
				PRODUCT_NAME = "$(TARGET_NAME)";
				SWIFT_VERSION = 5.0;
				TARGETED_DEVICE_FAMILY = "1,2";
			};
			name = Debug;
		};
		17B4C6412493C7E600800C9C /* Release */ = {
			isa = XCBuildConfiguration;
			baseConfigurationReference = BBF235100765B8319DE59B3E /* Pods-Clima.release.xcconfig */;
			buildSettings = {
				ASSETCATALOG_COMPILER_APPICON_NAME = AppIcon;
				CODE_SIGN_STYLE = Automatic;
				DEVELOPMENT_TEAM = 4KAGKN9362;
				INFOPLIST_FILE = Clima/Info.plist;
				LD_RUNPATH_SEARCH_PATHS = (
					"$(inherited)",
					"@executable_path/Frameworks",
				);
				PRODUCT_BUNDLE_IDENTIFIER = com.tagundesahil.Clima;
				PRODUCT_NAME = "$(TARGET_NAME)";
				SWIFT_VERSION = 5.0;
				TARGETED_DEVICE_FAMILY = "1,2";
			};
			name = Release;
		};
/* End XCBuildConfiguration section */

/* Begin XCConfigurationList section */
		17B4C6262493C7E400800C9C /* Build configuration list for PBXProject "Clima" */ = {
			isa = XCConfigurationList;
			buildConfigurations = (
				17B4C63D2493C7E600800C9C /* Debug */,
				17B4C63E2493C7E600800C9C /* Release */,
			);
			defaultConfigurationIsVisible = 0;
			defaultConfigurationName = Release;
		};
		17B4C63F2493C7E600800C9C /* Build configuration list for PBXNativeTarget "Clima" */ = {
			isa = XCConfigurationList;
			buildConfigurations = (
				17B4C6402493C7E600800C9C /* Debug */,
				17B4C6412493C7E600800C9C /* Release */,
			);
			defaultConfigurationIsVisible = 0;
			defaultConfigurationName = Release;
		};
/* End XCConfigurationList section */
	};
	rootObject = 17B4C6232493C7E400800C9C /* Project object */;
}
